// !$*UTF8*$!
{
	archiveVersion = 1;
	classes = {
	};
	objectVersion = 55;
	objects = {

/* Begin PBXBuildFile section */
		B22AFFF527BC89B200E581E3 /* WeatherTableViewController.swift in Sources */ = {isa = PBXBuildFile; fileRef = B22AFFF427BC89B200E581E3 /* WeatherTableViewController.swift */; };
		B22AFFF727BCA9A100E581E3 /* detailViewController.swift in Sources */ = {isa = PBXBuildFile; fileRef = B22AFFF627BCA9A100E581E3 /* detailViewController.swift */; };
		B2C8E83D27BC80B000A6BF89 /* AppDelegate.swift in Sources */ = {isa = PBXBuildFile; fileRef = B2C8E83C27BC80B000A6BF89 /* AppDelegate.swift */; };
		B2C8E83F27BC80B000A6BF89 /* SceneDelegate.swift in Sources */ = {isa = PBXBuildFile; fileRef = B2C8E83E27BC80B000A6BF89 /* SceneDelegate.swift */; };
		B2C8E84127BC80B000A6BF89 /* ViewController.swift in Sources */ = {isa = PBXBuildFile; fileRef = B2C8E84027BC80B000A6BF89 /* ViewController.swift */; };
		B2C8E84427BC80B000A6BF89 /* Main.storyboard in Resources */ = {isa = PBXBuildFile; fileRef = B2C8E84227BC80B000A6BF89 /* Main.storyboard */; };
		B2C8E84627BC80B100A6BF89 /* Assets.xcassets in Resources */ = {isa = PBXBuildFile; fileRef = B2C8E84527BC80B100A6BF89 /* Assets.xcassets */; };
		B2C8E84927BC80B100A6BF89 /* LaunchScreen.storyboard in Resources */ = {isa = PBXBuildFile; fileRef = B2C8E84727BC80B100A6BF89 /* LaunchScreen.storyboard */; };
/* End PBXBuildFile section */

/* Begin PBXFileReference section */
		B22AFFF427BC89B200E581E3 /* WeatherTableViewController.swift */ = {isa = PBXFileReference; lastKnownFileType = sourcecode.swift; path = WeatherTableViewController.swift; sourceTree = "<group>"; };
		B22AFFF627BCA9A100E581E3 /* detailViewController.swift */ = {isa = PBXFileReference; lastKnownFileType = sourcecode.swift; path = detailViewController.swift; sourceTree = "<group>"; };
		B2C8E83927BC80B000A6BF89 /* StaticWeatherApp.app */ = {isa = PBXFileReference; explicitFileType = wrapper.application; includeInIndex = 0; path = StaticWeatherApp.app; sourceTree = BUILT_PRODUCTS_DIR; };
		B2C8E83C27BC80B000A6BF89 /* AppDelegate.swift */ = {isa = PBXFileReference; lastKnownFileType = sourcecode.swift; path = AppDelegate.swift; sourceTree = "<group>"; };
		B2C8E83E27BC80B000A6BF89 /* SceneDelegate.swift */ = {isa = PBXFileReference; lastKnownFileType = sourcecode.swift; path = SceneDelegate.swift; sourceTree = "<group>"; };
		B2C8E84027BC80B000A6BF89 /* ViewController.swift */ = {isa = PBXFileReference; lastKnownFileType = sourcecode.swift; path = ViewController.swift; sourceTree = "<group>"; };
		B2C8E84327BC80B000A6BF89 /* Base */ = {isa = PBXFileReference; lastKnownFileType = file.storyboard; name = Base; path = Base.lproj/Main.storyboard; sourceTree = "<group>"; };
		B2C8E84527BC80B100A6BF89 /* Assets.xcassets */ = {isa = PBXFileReference; lastKnownFileType = folder.assetcatalog; path = Assets.xcassets; sourceTree = "<group>"; };
		B2C8E84827BC80B100A6BF89 /* Base */ = {isa = PBXFileReference; lastKnownFileType = file.storyboard; name = Base; path = Base.lproj/LaunchScreen.storyboard; sourceTree = "<group>"; };
		B2C8E84A27BC80B100A6BF89 /* Info.plist */ = {isa = PBXFileReference; lastKnownFileType = text.plist.xml; path = Info.plist; sourceTree = "<group>"; };
/* End PBXFileReference section */

/* Begin PBXFrameworksBuildPhase section */
		B2C8E83627BC80B000A6BF89 /* Frameworks */ = {
			isa = PBXFrameworksBuildPhase;
			buildActionMask = 2147483647;
			files = (
			);
			runOnlyForDeploymentPostprocessing = 0;
		};
/* End PBXFrameworksBuildPhase section */

/* Begin PBXGroup section */
		B2C8E83027BC80B000A6BF89 = {
			isa = PBXGroup;
			children = (
				B2C8E83B27BC80B000A6BF89 /* StaticWeatherApp */,
				B2C8E83A27BC80B000A6BF89 /* Products */,
			);
			sourceTree = "<group>";
		};
		B2C8E83A27BC80B000A6BF89 /* Products */ = {
			isa = PBXGroup;
			children = (
				B2C8E83927BC80B000A6BF89 /* StaticWeatherApp.app */,
			);
			name = Products;
			sourceTree = "<group>";
		};
		B2C8E83B27BC80B000A6BF89 /* StaticWeatherApp */ = {
			isa = PBXGroup;
			children = (
				B22AFFF627BCA9A100E581E3 /* detailViewController.swift */,
				B2C8E83C27BC80B000A6BF89 /* AppDelegate.swift */,
				B22AFFF427BC89B200E581E3 /* WeatherTableViewController.swift */,
				B2C8E83E27BC80B000A6BF89 /* SceneDelegate.swift */,
				B2C8E84027BC80B000A6BF89 /* ViewController.swift */,
				B2C8E84227BC80B000A6BF89 /* Main.storyboard */,
				B2C8E84527BC80B100A6BF89 /* Assets.xcassets */,
				B2C8E84727BC80B100A6BF89 /* LaunchScreen.storyboard */,
				B2C8E84A27BC80B100A6BF89 /* Info.plist */,
			);
			path = StaticWeatherApp;
			sourceTree = "<group>";
		};
/* End PBXGroup section */

/* Begin PBXNativeTarget section */
		B2C8E83827BC80B000A6BF89 /* StaticWeatherApp */ = {
			isa = PBXNativeTarget;
			buildConfigurationList = B2C8E84D27BC80B100A6BF89 /* Build configuration list for PBXNativeTarget "StaticWeatherApp" */;
			buildPhases = (
				B2C8E83527BC80B000A6BF89 /* Sources */,
				B2C8E83627BC80B000A6BF89 /* Frameworks */,
				B2C8E83727BC80B000A6BF89 /* Resources */,
			);
			buildRules = (
			);
			dependencies = (
			);
			name = StaticWeatherApp;
			productName = StaticWeatherApp;
			productReference = B2C8E83927BC80B000A6BF89 /* StaticWeatherApp.app */;
			productType = "com.apple.product-type.application";
		};
/* End PBXNativeTarget section */

/* Begin PBXProject section */
		B2C8E83127BC80B000A6BF89 /* Project object */ = {
			isa = PBXProject;
			attributes = {
				BuildIndependentTargetsInParallel = 1;
				LastSwiftUpdateCheck = 1320;
				LastUpgradeCheck = 1320;
				TargetAttributes = {
					B2C8E83827BC80B000A6BF89 = {
						CreatedOnToolsVersion = 13.2.1;
					};
				};
			};
			buildConfigurationList = B2C8E83427BC80B000A6BF89 /* Build configuration list for PBXProject "StaticWeatherApp" */;
			compatibilityVersion = "Xcode 13.0";
			developmentRegion = en;
			hasScannedForEncodings = 0;
			knownRegions = (
				en,
				Base,
			);
			mainGroup = B2C8E83027BC80B000A6BF89;
			productRefGroup = B2C8E83A27BC80B000A6BF89 /* Products */;
			projectDirPath = "";
			projectRoot = "";
			targets = (
				B2C8E83827BC80B000A6BF89 /* StaticWeatherApp */,
			);
		};
/* End PBXProject section */

/* Begin PBXResourcesBuildPhase section */
		B2C8E83727BC80B000A6BF89 /* Resources */ = {
			isa = PBXResourcesBuildPhase;
			buildActionMask = 2147483647;
			files = (
				B2C8E84927BC80B100A6BF89 /* LaunchScreen.storyboard in Resources */,
				B2C8E84627BC80B100A6BF89 /* Assets.xcassets in Resources */,
				B2C8E84427BC80B000A6BF89 /* Main.storyboard in Resources */,
			);
			runOnlyForDeploymentPostprocessing = 0;
		};
/* End PBXResourcesBuildPhase section */

/* Begin PBXSourcesBuildPhase section */
		B2C8E83527BC80B000A6BF89 /* Sources */ = {
			isa = PBXSourcesBuildPhase;
			buildActionMask = 2147483647;
			files = (
				B22AFFF527BC89B200E581E3 /* WeatherTableViewController.swift in Sources */,
				B2C8E84127BC80B000A6BF89 /* ViewController.swift in Sources */,
				B2C8E83D27BC80B000A6BF89 /* AppDelegate.swift in Sources */,
				B22AFFF727BCA9A100E581E3 /* detailViewController.swift in Sources */,
				B2C8E83F27BC80B000A6BF89 /* SceneDelegate.swift in Sources */,
			);
			runOnlyForDeploymentPostprocessing = 0;
		};
/* End PBXSourcesBuildPhase section */

/* Begin PBXVariantGroup section */
		B2C8E84227BC80B000A6BF89 /* Main.storyboard */ = {
			isa = PBXVariantGroup;
			children = (
				B2C8E84327BC80B000A6BF89 /* Base */,
			);
			name = Main.storyboard;
			sourceTree = "<group>";
		};
		B2C8E84727BC80B100A6BF89 /* LaunchScreen.storyboard */ = {
			isa = PBXVariantGroup;
			children = (
				B2C8E84827BC80B100A6BF89 /* Base */,
			);
			name = LaunchScreen.storyboard;
			sourceTree = "<group>";
		};
/* End PBXVariantGroup section */

/* Begin XCBuildConfiguration section */
		B2C8E84B27BC80B100A6BF89 /* Debug */ = {
			isa = XCBuildConfiguration;
			buildSettings = {
				ALWAYS_SEARCH_USER_PATHS = NO;
				CLANG_ANALYZER_NONNULL = YES;
				CLANG_ANALYZER_NUMBER_OBJECT_CONVERSION = YES_AGGRESSIVE;
				CLANG_CXX_LANGUAGE_STANDARD = "gnu++17";
				CLANG_CXX_LIBRARY = "libc++";
				CLANG_ENABLE_MODULES = YES;
				CLANG_ENABLE_OBJC_ARC = YES;
				CLANG_ENABLE_OBJC_WEAK = YES;
				CLANG_WARN_BLOCK_CAPTURE_AUTORELEASING = YES;
				CLANG_WARN_BOOL_CONVERSION = YES;
				CLANG_WARN_COMMA = YES;
				CLANG_WARN_CONSTANT_CONVERSION = YES;
				CLANG_WARN_DEPRECATED_OBJC_IMPLEMENTATIONS = YES;
				CLANG_WARN_DIRECT_OBJC_ISA_USAGE = YES_ERROR;
				CLANG_WARN_DOCUMENTATION_COMMENTS = YES;
				CLANG_WARN_EMPTY_BODY = YES;
				CLANG_WARN_ENUM_CONVERSION = YES;
				CLANG_WARN_INFINITE_RECURSION = YES;
				CLANG_WARN_INT_CONVERSION = YES;
				CLANG_WARN_NON_LITERAL_NULL_CONVERSION = YES;
				CLANG_WARN_OBJC_IMPLICIT_RETAIN_SELF = YES;
				CLANG_WARN_OBJC_LITERAL_CONVERSION = YES;
				CLANG_WARN_OBJC_ROOT_CLASS = YES_ERROR;
				CLANG_WARN_QUOTED_INCLUDE_IN_FRAMEWORK_HEADER = YES;
				CLANG_WARN_RANGE_LOOP_ANALYSIS = YES;
				CLANG_WARN_STRICT_PROTOTYPES = YES;
				CLANG_WARN_SUSPICIOUS_MOVE = YES;
				CLANG_WARN_UNGUARDED_AVAILABILITY = YES_AGGRESSIVE;
				CLANG_WARN_UNREACHABLE_CODE = YES;
				CLANG_WARN__DUPLICATE_METHOD_MATCH = YES;
				COPY_PHASE_STRIP = NO;
				DEBUG_INFORMATION_FORMAT = dwarf;
				ENABLE_STRICT_OBJC_MSGSEND = YES;
				ENABLE_TESTABILITY = YES;
				GCC_C_LANGUAGE_STANDARD = gnu11;
				GCC_DYNAMIC_NO_PIC = NO;
				GCC_NO_COMMON_BLOCKS = YES;
				GCC_OPTIMIZATION_LEVEL = 0;
				GCC_PREPROCESSOR_DEFINITIONS = (
					"DEBUG=1",
					"$(inherited)",
				);
				GCC_WARN_64_TO_32_BIT_CONVERSION = YES;
				GCC_WARN_ABOUT_RETURN_TYPE = YES_ERROR;
				GCC_WARN_UNDECLARED_SELECTOR = YES;
				GCC_WARN_UNINITIALIZED_AUTOS = YES_AGGRESSIVE;
				GCC_WARN_UNUSED_FUNCTION = YES;
				GCC_WARN_UNUSED_VARIABLE = YES;
				IPHONEOS_DEPLOYMENT_TARGET = 15.2;
				MTL_ENABLE_DEBUG_INFO = INCLUDE_SOURCE;
				MTL_FAST_MATH = YES;
				ONLY_ACTIVE_ARCH = YES;
				SDKROOT = iphoneos;
				SWIFT_ACTIVE_COMPILATION_CONDITIONS = DEBUG;
				SWIFT_OPTIMIZATION_LEVEL = "-Onone";
			};
			name = Debug;
		};
		B2C8E84C27BC80B100A6BF89 /* Release */ = {
			isa = XCBuildConfiguration;
			buildSettings = {
				ALWAYS_SEARCH_USER_PATHS = NO;
				CLANG_ANALYZER_NONNULL = YES;
				CLANG_ANALYZER_NUMBER_OBJECT_CONVERSION = YES_AGGRESSIVE;
				CLANG_CXX_LANGUAGE_STANDARD = "gnu++17";
				CLANG_CXX_LIBRARY = "libc++";
				CLANG_ENABLE_MODULES = YES;
				CLANG_ENABLE_OBJC_ARC = YES;
				CLANG_ENABLE_OBJC_WEAK = YES;
				CLANG_WARN_BLOCK_CAPTURE_AUTORELEASING = YES;
				CLANG_WARN_BOOL_CONVERSION = YES;
				CLANG_WARN_COMMA = YES;
				CLANG_WARN_CONSTANT_CONVERSION = YES;
				CLANG_WARN_DEPRECATED_OBJC_IMPLEMENTATIONS = YES;
				CLANG_WARN_DIRECT_OBJC_ISA_USAGE = YES_ERROR;
				CLANG_WARN_DOCUMENTATION_COMMENTS = YES;
				CLANG_WARN_EMPTY_BODY = YES;
				CLANG_WARN_ENUM_CONVERSION = YES;
				CLANG_WARN_INFINITE_RECURSION = YES;
				CLANG_WARN_INT_CONVERSION = YES;
				CLANG_WARN_NON_LITERAL_NULL_CONVERSION = YES;
				CLANG_WARN_OBJC_IMPLICIT_RETAIN_SELF = YES;
				CLANG_WARN_OBJC_LITERAL_CONVERSION = YES;
				CLANG_WARN_OBJC_ROOT_CLASS = YES_ERROR;
				CLANG_WARN_QUOTED_INCLUDE_IN_FRAMEWORK_HEADER = YES;
				CLANG_WARN_RANGE_LOOP_ANALYSIS = YES;
				CLANG_WARN_STRICT_PROTOTYPES = YES;
				CLANG_WARN_SUSPICIOUS_MOVE = YES;
				CLANG_WARN_UNGUARDED_AVAILABILITY = YES_AGGRESSIVE;
				CLANG_WARN_UNREACHABLE_CODE = YES;
				CLANG_WARN__DUPLICATE_METHOD_MATCH = YES;
				COPY_PHASE_STRIP = NO;
				DEBUG_INFORMATION_FORMAT = "dwarf-with-dsym";
				ENABLE_NS_ASSERTIONS = NO;
				ENABLE_STRICT_OBJC_MSGSEND = YES;
				GCC_C_LANGUAGE_STANDARD = gnu11;
				GCC_NO_COMMON_BLOCKS = YES;
				GCC_WARN_64_TO_32_BIT_CONVERSION = YES;
				GCC_WARN_ABOUT_RETURN_TYPE = YES_ERROR;
				GCC_WARN_UNDECLARED_SELECTOR = YES;
				GCC_WARN_UNINITIALIZED_AUTOS = YES_AGGRESSIVE;
				GCC_WARN_UNUSED_FUNCTION = YES;
				GCC_WARN_UNUSED_VARIABLE = YES;
				IPHONEOS_DEPLOYMENT_TARGET = 15.2;
				MTL_ENABLE_DEBUG_INFO = NO;
				MTL_FAST_MATH = YES;
				SDKROOT = iphoneos;
				SWIFT_COMPILATION_MODE = wholemodule;
				SWIFT_OPTIMIZATION_LEVEL = "-O";
				VALIDATE_PRODUCT = YES;
			};
			name = Release;
		};
		B2C8E84E27BC80B100A6BF89 /* Debug */ = {
			isa = XCBuildConfiguration;
			buildSettings = {
				ASSETCATALOG_COMPILER_APPICON_NAME = AppIcon;
				ASSETCATALOG_COMPILER_GLOBAL_ACCENT_COLOR_NAME = AccentColor;
				CODE_SIGN_STYLE = Automatic;
				CURRENT_PROJECT_VERSION = 1;
				DEVELOPMENT_TEAM = 35TS5MX8W7;
				GENERATE_INFOPLIST_FILE = YES;
				INFOPLIST_FILE = StaticWeatherApp/Info.plist;
				INFOPLIST_KEY_UIApplicationSupportsIndirectInputEvents = YES;
				INFOPLIST_KEY_UILaunchStoryboardName = LaunchScreen;
				INFOPLIST_KEY_UIMainStoryboardFile = Main;
				INFOPLIST_KEY_UISupportedInterfaceOrientations_iPad = "UIInterfaceOrientationPortrait UIInterfaceOrientationPortraitUpsideDown UIInterfaceOrientationLandscapeLeft UIInterfaceOrientationLandscapeRight";
				INFOPLIST_KEY_UISupportedInterfaceOrientations_iPhone = "UIInterfaceOrientationPortrait UIInterfaceOrientationLandscapeLeft UIInterfaceOrientationLandscapeRight";
				LD_RUNPATH_SEARCH_PATHS = (
					"$(inherited)",
					"@executable_path/Frameworks",
				);
				MARKETING_VERSION = 1.0;
				PRODUCT_BUNDLE_IDENTIFIER = com.jpes707.StaticWeatherApp;
				PRODUCT_NAME = "$(TARGET_NAME)";
				SWIFT_EMIT_LOC_STRINGS = YES;
				SWIFT_VERSION = 5.0;
				TARGETED_DEVICE_FAMILY = "1,2";
			};
			name = Debug;
		};
		B2C8E84F27BC80B100A6BF89 /* Release */ = {
			isa = XCBuildConfiguration;
			buildSettings = {
				ASSETCATALOG_COMPILER_APPICON_NAME = AppIcon;
				ASSETCATALOG_COMPILER_GLOBAL_ACCENT_COLOR_NAME = AccentColor;
				CODE_SIGN_STYLE = Automatic;
				CURRENT_PROJECT_VERSION = 1;
				DEVELOPMENT_TEAM = 35TS5MX8W7;
				GENERATE_INFOPLIST_FILE = YES;
				INFOPLIST_FILE = StaticWeatherApp/Info.plist;
				INFOPLIST_KEY_UIApplicationSupportsIndirectInputEvents = YES;
				INFOPLIST_KEY_UILaunchStoryboardName = LaunchScreen;
				INFOPLIST_KEY_UIMainStoryboardFile = Main;
				INFOPLIST_KEY_UISupportedInterfaceOrientations_iPad = "UIInterfaceOrientationPortrait UIInterfaceOrientationPortraitUpsideDown UIInterfaceOrientationLandscapeLeft UIInterfaceOrientationLandscapeRight";
				INFOPLIST_KEY_UISupportedInterfaceOrientations_iPhone = "UIInterfaceOrientationPortrait UIInterfaceOrientationLandscapeLeft UIInterfaceOrientationLandscapeRight";
				LD_RUNPATH_SEARCH_PATHS = (
					"$(inherited)",
					"@executable_path/Frameworks",
				);
				MARKETING_VERSION = 1.0;
				PRODUCT_BUNDLE_IDENTIFIER = com.jpes707.StaticWeatherApp;
				PRODUCT_NAME = "$(TARGET_NAME)";
				SWIFT_EMIT_LOC_STRINGS = YES;
				SWIFT_VERSION = 5.0;
				TARGETED_DEVICE_FAMILY = "1,2";
			};
			name = Release;
		};
/* End XCBuildConfiguration section */

/* Begin XCConfigurationList section */
		B2C8E83427BC80B000A6BF89 /* Build configuration list for PBXProject "StaticWeatherApp" */ = {
			isa = XCConfigurationList;
			buildConfigurations = (
				B2C8E84B27BC80B100A6BF89 /* Debug */,
				B2C8E84C27BC80B100A6BF89 /* Release */,
			);
			defaultConfigurationIsVisible = 0;
			defaultConfigurationName = Release;
		};
		B2C8E84D27BC80B100A6BF89 /* Build configuration list for PBXNativeTarget "StaticWeatherApp" */ = {
			isa = XCConfigurationList;
			buildConfigurations = (
				B2C8E84E27BC80B100A6BF89 /* Debug */,
				B2C8E84F27BC80B100A6BF89 /* Release */,
			);
			defaultConfigurationIsVisible = 0;
			defaultConfigurationName = Release;
		};
/* End XCConfigurationList section */
	};
	rootObject = B2C8E83127BC80B000A6BF89 /* Project object */;
}
